
Microsoft Visual Studio Solution File, Format Version 12.00
# Visual Studio Version 17
VisualStudioVersion = 17.5.33530.505
MinimumVisualStudioVersion = 10.0.40219.1
Project("{9A19103F-16F7-4668-BE54-9A1E7A4F7556}") = "WebApplication1", "WebApplication1\WebApplication1.csproj", "{4F196F32-9C6A-4E61-B0D2-18C53E2392C0}"
EndProject
Global
	GlobalSection(SolutionConfigurationPlatforms) = preSolution
		Debug|Any CPU = Debug|Any CPU
		Release|Any CPU = Release|Any CPU
	EndGlobalSection
	GlobalSection(ProjectConfigurationPlatforms) = postSolution
		{4F196F32-9C6A-4E61-B0D2-18C53E2392C0}.Debug|Any CPU.ActiveCfg = Debug|Any CPU
		{4F196F32-9C6A-4E61-B0D2-18C53E2392C0}.Debug|Any CPU.Build.0 = Debug|Any CPU
		{4F196F32-9C6A-4E61-B0D2-18C53E2392C0}.Release|Any CPU.ActiveCfg = Release|Any CPU
		{4F196F32-9C6A-4E61-B0D2-18C53E2392C0}.Release|Any CPU.Build.0 = Release|Any CPU
	EndGlobalSection
	GlobalSection(SolutionProperties) = preSolution
		HideSolutionNode = FALSE
	EndGlobalSection
	GlobalSection(ExtensibilityGlobals) = postSolution
		SolutionGuid = {25E35906-AB0F-4173-99C1-2B05E3C63E4F}
	EndGlobalSection
EndGlobal
